dependencies:
- name: postgresql
  repository: https://kubernetes-charts.storage.googleapis.com/
  version: 0.8.12
- name: redis
  repository: https://kubernetes-charts.storage.googleapis.com/
  version: 1.1.12
digest: sha256:84347c97fe8fc9ee968081aecef6912b1958c1dbef0be0b6102e543b04499302
generated: 2019-05-13T10:57:27.472136-07:00
